
Microsoft Visual Studio Solution File, Format Version 12.00
# Visual Studio Version 17
VisualStudioVersion = 17.14.36414.22 d17.14
MinimumVisualStudioVersion = 10.0.40219.1
Project("{FAE04EC0-301F-11D3-BF4B-00C04F79EFBC}") = "ToDoList", "ToDoList\ToDoList.csproj", "{66E3FCA9-4221-45B6-A210-49CDC80030F5}"
EndProject
Global
	GlobalSection(SolutionConfigurationPlatforms) = preSolution
		Debug|Any CPU = Debug|Any CPU
		Release|Any CPU = Release|Any CPU
	EndGlobalSection
	GlobalSection(ProjectConfigurationPlatforms) = postSolution
		{66E3FCA9-4221-45B6-A210-49CDC80030F5}.Debug|Any CPU.ActiveCfg = Debug|Any CPU
		{66E3FCA9-4221-45B6-A210-49CDC80030F5}.Debug|Any CPU.Build.0 = Debug|Any CPU
		{66E3FCA9-4221-45B6-A210-49CDC80030F5}.Release|Any CPU.ActiveCfg = Release|Any CPU
		{66E3FCA9-4221-45B6-A210-49CDC80030F5}.Release|Any CPU.Build.0 = Release|Any CPU
	EndGlobalSection
	GlobalSection(SolutionProperties) = preSolution
		HideSolutionNode = FALSE
	EndGlobalSection
	GlobalSection(ExtensibilityGlobals) = postSolution
		SolutionGuid = {C4B4F391-522A-42B0-9B57-1FB8FDCE0D49}
	EndGlobalSection
EndGlobal
